
Microsoft Visual Studio Solution File, Format Version 12.00
# Visual Studio Version 17
VisualStudioVersion = 17.4.33110.190
MinimumVisualStudioVersion = 10.0.40219.1
Project("{FAE04EC0-301F-11D3-BF4B-00C04F79EFBC}") = "ObjectOrientedProgramming", "ObjectOrientedProgramming\ObjectOrientedProgramming.csproj", "{DFBC1156-94D5-4BFC-AB5E-6A0FC4050AB9}"
EndProject
Global
	GlobalSection(SolutionConfigurationPlatforms) = preSolution
		Debug|Any CPU = Debug|Any CPU
		Release|Any CPU = Release|Any CPU
	EndGlobalSection
	GlobalSection(ProjectConfigurationPlatforms) = postSolution
		{DFBC1156-94D5-4BFC-AB5E-6A0FC4050AB9}.Debug|Any CPU.ActiveCfg = Debug|Any CPU
		{DFBC1156-94D5-4BFC-AB5E-6A0FC4050AB9}.Debug|Any CPU.Build.0 = Debug|Any CPU
		{DFBC1156-94D5-4BFC-AB5E-6A0FC4050AB9}.Release|Any CPU.ActiveCfg = Release|Any CPU
		{DFBC1156-94D5-4BFC-AB5E-6A0FC4050AB9}.Release|Any CPU.Build.0 = Release|Any CPU
	EndGlobalSection
	GlobalSection(SolutionProperties) = preSolution
		HideSolutionNode = FALSE
	EndGlobalSection
	GlobalSection(ExtensibilityGlobals) = postSolution
		SolutionGuid = {2280D342-EB44-474C-8C8F-F6C326B7E13F}
	EndGlobalSection
EndGlobal
